// !$*UTF8*$!
{
	archiveVersion = 1;
	classes = {
	};
	objectVersion = 48;
	objects = {

/* Begin PBXBuildFile section */
		1844F82D23BEE7BEABF7E668 /* Pods_doghero_test.framework in Frameworks */ = {isa = PBXBuildFile; fileRef = 77226926EAE31235589082AC /* Pods_doghero_test.framework */; };
		6D2C130B22C1AA330092C6EF /* MyHeroesViewModelTests.swift in Sources */ = {isa = PBXBuildFile; fileRef = 6D2C130A22C1AA330092C6EF /* MyHeroesViewModelTests.swift */; };
		6D2C131922C1AA580092C6EF /* DogHeroTestUITests.swift in Sources */ = {isa = PBXBuildFile; fileRef = 6D2C131822C1AA580092C6EF /* DogHeroTestUITests.swift */; };
		6D2C132122C1B54B0092C6EF /* MyHeroesViewControllerUITests.swift in Sources */ = {isa = PBXBuildFile; fileRef = 6D2C132022C1B54B0092C6EF /* MyHeroesViewControllerUITests.swift */; };
		6D2C132322C1B9990092C6EF /* HeroCollectionViewCellUITests.swift in Sources */ = {isa = PBXBuildFile; fileRef = 6D2C132222C1B9990092C6EF /* HeroCollectionViewCellUITests.swift */; };
		6D2C132922C1D00A0092C6EF /* HeroViewModelTests.swift in Sources */ = {isa = PBXBuildFile; fileRef = 6D2C132822C1D00A0092C6EF /* HeroViewModelTests.swift */; };
		6D4DFC4022C06BB200B0BE61 /* MyHeroesHeaderCollectionReusableView.swift in Sources */ = {isa = PBXBuildFile; fileRef = 6D4DFC3F22C06BB200B0BE61 /* MyHeroesHeaderCollectionReusableView.swift */; };
		6D4DFC4222C070A900B0BE61 /* MyHeroesViewController+ UICollectionViewDelegateFlowLayout.swift in Sources */ = {isa = PBXBuildFile; fileRef = 6D4DFC4122C070A900B0BE61 /* MyHeroesViewController+ UICollectionViewDelegateFlowLayout.swift */; };
		6D9B026322BFAF670045F56B /* UIButton.swift in Sources */ = {isa = PBXBuildFile; fileRef = 6D9B026222BFAF670045F56B /* UIButton.swift */; };
		6D9B026522BFBEF80045F56B /* FavoriteHeroCollectionViewCell.xib in Resources */ = {isa = PBXBuildFile; fileRef = 6D9B026422BFBEF80045F56B /* FavoriteHeroCollectionViewCell.xib */; };
		6D9B026722BFCAF80045F56B /* RecentHeroCollectionViewCell.xib in Resources */ = {isa = PBXBuildFile; fileRef = 6D9B026622BFCAF80045F56B /* RecentHeroCollectionViewCell.xib */; };
		6D9B026E22BFEC010045F56B /* RecentHeroCollectionViewCell.swift in Sources */ = {isa = PBXBuildFile; fileRef = 6D9B026D22BFEC010045F56B /* RecentHeroCollectionViewCell.swift */; };
		6D9B027022BFEC260045F56B /* FavoriteHeroCollectionViewCell.swift in Sources */ = {isa = PBXBuildFile; fileRef = 6D9B026F22BFEC260045F56B /* FavoriteHeroCollectionViewCell.swift */; };
		6D9B027722BFF36F0045F56B /* ErrorHandleableProtocol.swift in Sources */ = {isa = PBXBuildFile; fileRef = 6D9B027622BFF36F0045F56B /* ErrorHandleableProtocol.swift */; };
		6D9B027922BFF38C0045F56B /* GenericDataProviderProtocol.swift in Sources */ = {isa = PBXBuildFile; fileRef = 6D9B027822BFF38C0045F56B /* GenericDataProviderProtocol.swift */; };
		6D9B027D22BFF49A0045F56B /* DataProviderManager.swift in Sources */ = {isa = PBXBuildFile; fileRef = 6D9B027C22BFF49A0045F56B /* DataProviderManager.swift */; };
		6D9B027F22BFF5950045F56B /* ErrorHandleableProtocol+UIViewController.swift in Sources */ = {isa = PBXBuildFile; fileRef = 6D9B027E22BFF5950045F56B /* ErrorHandleableProtocol+UIViewController.swift */; };
		6D9B028222BFF5C00045F56B /* ErrorAlert.swift in Sources */ = {isa = PBXBuildFile; fileRef = 6D9B028122BFF5C00045F56B /* ErrorAlert.swift */; };
		6D9B028422BFF5EE0045F56B /* BaseViewController.swift in Sources */ = {isa = PBXBuildFile; fileRef = 6D9B028322BFF5EE0045F56B /* BaseViewController.swift */; };
		6D9B028622BFFE920045F56B /* Hero.swift in Sources */ = {isa = PBXBuildFile; fileRef = 6D9B028522BFFE920045F56B /* Hero.swift */; };
		6D9B028822C0010D0045F56B /* User.swift in Sources */ = {isa = PBXBuildFile; fileRef = 6D9B028722C0010D0045F56B /* User.swift */; };
		6D9B028C22C011FA0045F56B /* Heroes.swift in Sources */ = {isa = PBXBuildFile; fileRef = 6D9B028B22C011FA0045F56B /* Heroes.swift */; };
		6D9B028E22C0150D0045F56B /* MyHeroesDataProvider.swift in Sources */ = {isa = PBXBuildFile; fileRef = 6D9B028D22C0150D0045F56B /* MyHeroesDataProvider.swift */; };
		6D9B029022C015260045F56B /* MyHeroesViewModel.swift in Sources */ = {isa = PBXBuildFile; fileRef = 6D9B028F22C015260045F56B /* MyHeroesViewModel.swift */; };
		6D9B029222C015A50045F56B /* MyHeroesDataProviderProtocol.swift in Sources */ = {isa = PBXBuildFile; fileRef = 6D9B029122C015A50045F56B /* MyHeroesDataProviderProtocol.swift */; };
		6D9B029422C016EB0045F56B /* MyHeroesViewController+HeroesDataProvider.swift in Sources */ = {isa = PBXBuildFile; fileRef = 6D9B029322C016EB0045F56B /* MyHeroesViewController+HeroesDataProvider.swift */; };
		6D9B029622C018340045F56B /* MyHeroesViewController+UICollectionViewDataSource.swift in Sources */ = {isa = PBXBuildFile; fileRef = 6D9B029522C018340045F56B /* MyHeroesViewController+UICollectionViewDataSource.swift */; };
		6D9B029822C01BEC0045F56B /* HeroViewModel.swift in Sources */ = {isa = PBXBuildFile; fileRef = 6D9B029722C01BEC0045F56B /* HeroViewModel.swift */; };
		A259F18A201CF66900B5164F /* AppDelegate.swift in Sources */ = {isa = PBXBuildFile; fileRef = A259F189201CF66900B5164F /* AppDelegate.swift */; };
		A259F18C201CF66900B5164F /* MyHeroesViewController.swift in Sources */ = {isa = PBXBuildFile; fileRef = A259F18B201CF66900B5164F /* MyHeroesViewController.swift */; };
		A259F18F201CF66900B5164F /* Main.storyboard in Resources */ = {isa = PBXBuildFile; fileRef = A259F18D201CF66900B5164F /* Main.storyboard */; };
		A259F191201CF66900B5164F /* Assets.xcassets in Resources */ = {isa = PBXBuildFile; fileRef = A259F190201CF66900B5164F /* Assets.xcassets */; };
		A259F194201CF66900B5164F /* LaunchScreen.storyboard in Resources */ = {isa = PBXBuildFile; fileRef = A259F192201CF66900B5164F /* LaunchScreen.storyboard */; };
		A259F19D201CF69F00B5164F /* UIImage.swift in Sources */ = {isa = PBXBuildFile; fileRef = A259F19C201CF69F00B5164F /* UIImage.swift */; };
		A259F1A0201CF6EA00B5164F /* MyHeroes.swift in Sources */ = {isa = PBXBuildFile; fileRef = A259F19F201CF6EA00B5164F /* MyHeroes.swift */; };
		A259F1A2201CF76400B5164F /* JSONParser.swift in Sources */ = {isa = PBXBuildFile; fileRef = A259F1A1201CF76400B5164F /* JSONParser.swift */; };
		DFF569BC271D715A4D44E792 /* Pods_doghero_testTests.framework in Frameworks */ = {isa = PBXBuildFile; fileRef = 5B2CC4193B56AFED850D25DF /* Pods_doghero_testTests.framework */; };
/* End PBXBuildFile section */

/* Begin PBXContainerItemProxy section */
		6D2C130D22C1AA330092C6EF /* PBXContainerItemProxy */ = {
			isa = PBXContainerItemProxy;
			containerPortal = A259F17E201CF66900B5164F /* Project object */;
			proxyType = 1;
			remoteGlobalIDString = A259F185201CF66900B5164F;
			remoteInfo = "doghero-test";
		};
		6D2C131B22C1AA580092C6EF /* PBXContainerItemProxy */ = {
			isa = PBXContainerItemProxy;
			containerPortal = A259F17E201CF66900B5164F /* Project object */;
			proxyType = 1;
			remoteGlobalIDString = A259F185201CF66900B5164F;
			remoteInfo = "doghero-test";
		};
/* End PBXContainerItemProxy section */

/* Begin PBXFileReference section */
		12CE09F02C8AF6DECD0F4585 /* Pods-doghero-testTests.debug.xcconfig */ = {isa = PBXFileReference; includeInIndex = 1; lastKnownFileType = text.xcconfig; name = "Pods-doghero-testTests.debug.xcconfig"; path = "Target Support Files/Pods-doghero-testTests/Pods-doghero-testTests.debug.xcconfig"; sourceTree = "<group>"; };
		5B2CC4193B56AFED850D25DF /* Pods_doghero_testTests.framework */ = {isa = PBXFileReference; explicitFileType = wrapper.framework; includeInIndex = 0; path = Pods_doghero_testTests.framework; sourceTree = BUILT_PRODUCTS_DIR; };
		6D2C130822C1AA330092C6EF /* doghero-testTests.xctest */ = {isa = PBXFileReference; explicitFileType = wrapper.cfbundle; includeInIndex = 0; path = "doghero-testTests.xctest"; sourceTree = BUILT_PRODUCTS_DIR; };
		6D2C130A22C1AA330092C6EF /* MyHeroesViewModelTests.swift */ = {isa = PBXFileReference; lastKnownFileType = sourcecode.swift; path = MyHeroesViewModelTests.swift; sourceTree = "<group>"; };
		6D2C130C22C1AA330092C6EF /* Info.plist */ = {isa = PBXFileReference; lastKnownFileType = text.plist.xml; path = Info.plist; sourceTree = "<group>"; };
		6D2C131622C1AA580092C6EF /* doghero-testUITests.xctest */ = {isa = PBXFileReference; explicitFileType = wrapper.cfbundle; includeInIndex = 0; path = "doghero-testUITests.xctest"; sourceTree = BUILT_PRODUCTS_DIR; };
		6D2C131822C1AA580092C6EF /* DogHeroTestUITests.swift */ = {isa = PBXFileReference; lastKnownFileType = sourcecode.swift; path = DogHeroTestUITests.swift; sourceTree = "<group>"; };
		6D2C131A22C1AA580092C6EF /* Info.plist */ = {isa = PBXFileReference; lastKnownFileType = text.plist.xml; path = Info.plist; sourceTree = "<group>"; };
		6D2C132022C1B54B0092C6EF /* MyHeroesViewControllerUITests.swift */ = {isa = PBXFileReference; fileEncoding = 4; lastKnownFileType = sourcecode.swift; path = MyHeroesViewControllerUITests.swift; sourceTree = "<group>"; };
		6D2C132222C1B9990092C6EF /* HeroCollectionViewCellUITests.swift */ = {isa = PBXFileReference; lastKnownFileType = sourcecode.swift; path = HeroCollectionViewCellUITests.swift; sourceTree = "<group>"; };
		6D2C132822C1D00A0092C6EF /* HeroViewModelTests.swift */ = {isa = PBXFileReference; lastKnownFileType = sourcecode.swift; path = HeroViewModelTests.swift; sourceTree = "<group>"; };
		6D4DFC3F22C06BB200B0BE61 /* MyHeroesHeaderCollectionReusableView.swift */ = {isa = PBXFileReference; lastKnownFileType = sourcecode.swift; path = MyHeroesHeaderCollectionReusableView.swift; sourceTree = "<group>"; };
		6D4DFC4122C070A900B0BE61 /* MyHeroesViewController+ UICollectionViewDelegateFlowLayout.swift */ = {isa = PBXFileReference; lastKnownFileType = sourcecode.swift; path = "MyHeroesViewController+ UICollectionViewDelegateFlowLayout.swift"; sourceTree = "<group>"; };
		6D9B026222BFAF670045F56B /* UIButton.swift */ = {isa = PBXFileReference; lastKnownFileType = sourcecode.swift; path = UIButton.swift; sourceTree = "<group>"; };
		6D9B026422BFBEF80045F56B /* FavoriteHeroCollectionViewCell.xib */ = {isa = PBXFileReference; fileEncoding = 4; lastKnownFileType = file.xib; path = FavoriteHeroCollectionViewCell.xib; sourceTree = "<group>"; };
		6D9B026622BFCAF80045F56B /* RecentHeroCollectionViewCell.xib */ = {isa = PBXFileReference; fileEncoding = 4; lastKnownFileType = file.xib; path = RecentHeroCollectionViewCell.xib; sourceTree = "<group>"; };
		6D9B026D22BFEC010045F56B /* RecentHeroCollectionViewCell.swift */ = {isa = PBXFileReference; lastKnownFileType = sourcecode.swift; path = RecentHeroCollectionViewCell.swift; sourceTree = "<group>"; };
		6D9B026F22BFEC260045F56B /* FavoriteHeroCollectionViewCell.swift */ = {isa = PBXFileReference; lastKnownFileType = sourcecode.swift; path = FavoriteHeroCollectionViewCell.swift; sourceTree = "<group>"; };
		6D9B027622BFF36F0045F56B /* ErrorHandleableProtocol.swift */ = {isa = PBXFileReference; lastKnownFileType = sourcecode.swift; path = ErrorHandleableProtocol.swift; sourceTree = "<group>"; };
		6D9B027822BFF38C0045F56B /* GenericDataProviderProtocol.swift */ = {isa = PBXFileReference; lastKnownFileType = sourcecode.swift; path = GenericDataProviderProtocol.swift; sourceTree = "<group>"; };
		6D9B027C22BFF49A0045F56B /* DataProviderManager.swift */ = {isa = PBXFileReference; lastKnownFileType = sourcecode.swift; path = DataProviderManager.swift; sourceTree = "<group>"; };
		6D9B027E22BFF5950045F56B /* ErrorHandleableProtocol+UIViewController.swift */ = {isa = PBXFileReference; lastKnownFileType = sourcecode.swift; path = "ErrorHandleableProtocol+UIViewController.swift"; sourceTree = "<group>"; };
		6D9B028122BFF5C00045F56B /* ErrorAlert.swift */ = {isa = PBXFileReference; lastKnownFileType = sourcecode.swift; path = ErrorAlert.swift; sourceTree = "<group>"; };
		6D9B028322BFF5EE0045F56B /* BaseViewController.swift */ = {isa = PBXFileReference; lastKnownFileType = sourcecode.swift; path = BaseViewController.swift; sourceTree = "<group>"; };
		6D9B028522BFFE920045F56B /* Hero.swift */ = {isa = PBXFileReference; lastKnownFileType = sourcecode.swift; path = Hero.swift; sourceTree = "<group>"; };
		6D9B028722C0010D0045F56B /* User.swift */ = {isa = PBXFileReference; lastKnownFileType = sourcecode.swift; path = User.swift; sourceTree = "<group>"; };
		6D9B028B22C011FA0045F56B /* Heroes.swift */ = {isa = PBXFileReference; lastKnownFileType = sourcecode.swift; path = Heroes.swift; sourceTree = "<group>"; };
		6D9B028D22C0150D0045F56B /* MyHeroesDataProvider.swift */ = {isa = PBXFileReference; lastKnownFileType = sourcecode.swift; path = MyHeroesDataProvider.swift; sourceTree = "<group>"; };
		6D9B028F22C015260045F56B /* MyHeroesViewModel.swift */ = {isa = PBXFileReference; lastKnownFileType = sourcecode.swift; path = MyHeroesViewModel.swift; sourceTree = "<group>"; };
		6D9B029122C015A50045F56B /* MyHeroesDataProviderProtocol.swift */ = {isa = PBXFileReference; lastKnownFileType = sourcecode.swift; path = MyHeroesDataProviderProtocol.swift; sourceTree = "<group>"; };
		6D9B029322C016EB0045F56B /* MyHeroesViewController+HeroesDataProvider.swift */ = {isa = PBXFileReference; lastKnownFileType = sourcecode.swift; path = "MyHeroesViewController+HeroesDataProvider.swift"; sourceTree = "<group>"; };
		6D9B029522C018340045F56B /* MyHeroesViewController+UICollectionViewDataSource.swift */ = {isa = PBXFileReference; lastKnownFileType = sourcecode.swift; path = "MyHeroesViewController+UICollectionViewDataSource.swift"; sourceTree = "<group>"; };
		6D9B029722C01BEC0045F56B /* HeroViewModel.swift */ = {isa = PBXFileReference; lastKnownFileType = sourcecode.swift; path = HeroViewModel.swift; sourceTree = "<group>"; };
		6DBFF4AAA4684BE903285BBB /* Pods-doghero-test.release.xcconfig */ = {isa = PBXFileReference; includeInIndex = 1; lastKnownFileType = text.xcconfig; name = "Pods-doghero-test.release.xcconfig"; path = "Target Support Files/Pods-doghero-test/Pods-doghero-test.release.xcconfig"; sourceTree = "<group>"; };
		77226926EAE31235589082AC /* Pods_doghero_test.framework */ = {isa = PBXFileReference; explicitFileType = wrapper.framework; includeInIndex = 0; path = Pods_doghero_test.framework; sourceTree = BUILT_PRODUCTS_DIR; };
		8ABBE6068CA2E328D8A1E571 /* Pods-doghero-test.debug.xcconfig */ = {isa = PBXFileReference; includeInIndex = 1; lastKnownFileType = text.xcconfig; name = "Pods-doghero-test.debug.xcconfig"; path = "Target Support Files/Pods-doghero-test/Pods-doghero-test.debug.xcconfig"; sourceTree = "<group>"; };
		A259F186201CF66900B5164F /* doghero-test.app */ = {isa = PBXFileReference; explicitFileType = wrapper.application; includeInIndex = 0; path = "doghero-test.app"; sourceTree = BUILT_PRODUCTS_DIR; };
		A259F189201CF66900B5164F /* AppDelegate.swift */ = {isa = PBXFileReference; lastKnownFileType = sourcecode.swift; path = AppDelegate.swift; sourceTree = "<group>"; };
		A259F18B201CF66900B5164F /* MyHeroesViewController.swift */ = {isa = PBXFileReference; lastKnownFileType = sourcecode.swift; path = MyHeroesViewController.swift; sourceTree = "<group>"; };
		A259F18E201CF66900B5164F /* Base */ = {isa = PBXFileReference; lastKnownFileType = file.storyboard; name = Base; path = Base.lproj/Main.storyboard; sourceTree = "<group>"; };
		A259F190201CF66900B5164F /* Assets.xcassets */ = {isa = PBXFileReference; lastKnownFileType = folder.assetcatalog; path = Assets.xcassets; sourceTree = "<group>"; };
		A259F193201CF66900B5164F /* Base */ = {isa = PBXFileReference; lastKnownFileType = file.storyboard; name = Base; path = Base.lproj/LaunchScreen.storyboard; sourceTree = "<group>"; };
		A259F195201CF66900B5164F /* Info.plist */ = {isa = PBXFileReference; lastKnownFileType = text.plist.xml; path = Info.plist; sourceTree = "<group>"; };
		A259F19C201CF69F00B5164F /* UIImage.swift */ = {isa = PBXFileReference; lastKnownFileType = sourcecode.swift; path = UIImage.swift; sourceTree = "<group>"; };
		A259F19F201CF6EA00B5164F /* MyHeroes.swift */ = {isa = PBXFileReference; lastKnownFileType = sourcecode.swift; path = MyHeroes.swift; sourceTree = "<group>"; };
		A259F1A1201CF76400B5164F /* JSONParser.swift */ = {isa = PBXFileReference; lastKnownFileType = sourcecode.swift; path = JSONParser.swift; sourceTree = "<group>"; };
		DD8825D34DDD4AAC45B60A07 /* Pods-doghero-testTests.release.xcconfig */ = {isa = PBXFileReference; includeInIndex = 1; lastKnownFileType = text.xcconfig; name = "Pods-doghero-testTests.release.xcconfig"; path = "Target Support Files/Pods-doghero-testTests/Pods-doghero-testTests.release.xcconfig"; sourceTree = "<group>"; };
/* End PBXFileReference section */

/* Begin PBXFrameworksBuildPhase section */
		6D2C130522C1AA330092C6EF /* Frameworks */ = {
			isa = PBXFrameworksBuildPhase;
			buildActionMask = 2147483647;
			files = (
				DFF569BC271D715A4D44E792 /* Pods_doghero_testTests.framework in Frameworks */,
			);
			runOnlyForDeploymentPostprocessing = 0;
		};
		6D2C131322C1AA580092C6EF /* Frameworks */ = {
			isa = PBXFrameworksBuildPhase;
			buildActionMask = 2147483647;
			files = (
			);
			runOnlyForDeploymentPostprocessing = 0;
		};
		A259F183201CF66900B5164F /* Frameworks */ = {
			isa = PBXFrameworksBuildPhase;
			buildActionMask = 2147483647;
			files = (
				1844F82D23BEE7BEABF7E668 /* Pods_doghero_test.framework in Frameworks */,
			);
			runOnlyForDeploymentPostprocessing = 0;
		};
/* End PBXFrameworksBuildPhase section */

/* Begin PBXGroup section */
		6D2C130922C1AA330092C6EF /* doghero-testTests */ = {
			isa = PBXGroup;
			children = (
				6D2C130A22C1AA330092C6EF /* MyHeroesViewModelTests.swift */,
				6D2C132822C1D00A0092C6EF /* HeroViewModelTests.swift */,
				6D2C130C22C1AA330092C6EF /* Info.plist */,
			);
			path = "doghero-testTests";
			sourceTree = "<group>";
		};
		6D2C131722C1AA580092C6EF /* doghero-testUITests */ = {
			isa = PBXGroup;
			children = (
				6D2C131822C1AA580092C6EF /* DogHeroTestUITests.swift */,
				6D2C132022C1B54B0092C6EF /* MyHeroesViewControllerUITests.swift */,
				6D2C132222C1B9990092C6EF /* HeroCollectionViewCellUITests.swift */,
				6D2C131A22C1AA580092C6EF /* Info.plist */,
			);
			path = "doghero-testUITests";
			sourceTree = "<group>";
		};
		6D9B026822BFE7050045F56B /* Resources */ = {
			isa = PBXGroup;
			children = (
				6D9B026922BFE7150045F56B /* Assets */,
				6D9B026A22BFE7230045F56B /* Storyboard */,
				6D9B026B22BFE72E0045F56B /* Xibs */,
			);
			path = Resources;
			sourceTree = "<group>";
		};
		6D9B026922BFE7150045F56B /* Assets */ = {
			isa = PBXGroup;
			children = (
				A259F190201CF66900B5164F /* Assets.xcassets */,
			);
			path = Assets;
			sourceTree = "<group>";
		};
		6D9B026A22BFE7230045F56B /* Storyboard */ = {
			isa = PBXGroup;
			children = (
				A259F18D201CF66900B5164F /* Main.storyboard */,
				A259F192201CF66900B5164F /* LaunchScreen.storyboard */,
			);
			path = Storyboard;
			sourceTree = "<group>";
		};
		6D9B026B22BFE72E0045F56B /* Xibs */ = {
			isa = PBXGroup;
			children = (
				6D9B026622BFCAF80045F56B /* RecentHeroCollectionViewCell.xib */,
				6D9B026422BFBEF80045F56B /* FavoriteHeroCollectionViewCell.xib */,
			);
			path = Xibs;
			sourceTree = "<group>";
		};
		6D9B026C22BFEBC40045F56B /* ViewsCells */ = {
			isa = PBXGroup;
			children = (
				6D9B026D22BFEC010045F56B /* RecentHeroCollectionViewCell.swift */,
				6D9B026F22BFEC260045F56B /* FavoriteHeroCollectionViewCell.swift */,
			);
			path = ViewsCells;
			sourceTree = "<group>";
		};
		6D9B027122BFF2CC0045F56B /* Views */ = {
			isa = PBXGroup;
			children = (
				6D9B027422BFF33E0045F56B /* ViewsControllers */,
				6D9B026C22BFEBC40045F56B /* ViewsCells */,
				6D4DFC3F22C06BB200B0BE61 /* MyHeroesHeaderCollectionReusableView.swift */,
			);
			path = Views;
			sourceTree = "<group>";
		};
		6D9B027222BFF2E60045F56B /* ViewsModels */ = {
			isa = PBXGroup;
			children = (
				6D9B028F22C015260045F56B /* MyHeroesViewModel.swift */,
				6D9B029722C01BEC0045F56B /* HeroViewModel.swift */,
			);
			path = ViewsModels;
			sourceTree = "<group>";
		};
		6D9B027322BFF3090045F56B /* Models */ = {
			isa = PBXGroup;
			children = (
				6D9B028722C0010D0045F56B /* User.swift */,
				6D9B028522BFFE920045F56B /* Hero.swift */,
				6D9B028B22C011FA0045F56B /* Heroes.swift */,
			);
			path = Models;
			sourceTree = "<group>";
		};
		6D9B027422BFF33E0045F56B /* ViewsControllers */ = {
			isa = PBXGroup;
			children = (
				6D9B028322BFF5EE0045F56B /* BaseViewController.swift */,
				A259F18B201CF66900B5164F /* MyHeroesViewController.swift */,
			);
			path = ViewsControllers;
			sourceTree = "<group>";
		};
		6D9B027522BFF35D0045F56B /* Protocols */ = {
			isa = PBXGroup;
			children = (
				6D9B027622BFF36F0045F56B /* ErrorHandleableProtocol.swift */,
				6D9B027822BFF38C0045F56B /* GenericDataProviderProtocol.swift */,
				6D9B029122C015A50045F56B /* MyHeroesDataProviderProtocol.swift */,
			);
			path = Protocols;
			sourceTree = "<group>";
		};
		6D9B027A22BFF43F0045F56B /* SupportingFiles */ = {
			isa = PBXGroup;
			children = (
				A259F19E201CF6D000B5164F /* ApiAnswer */,
				A259F195201CF66900B5164F /* Info.plist */,
			);
			path = SupportingFiles;
			sourceTree = "<group>";
		};
		6D9B027B22BFF4890045F56B /* DataProviders */ = {
			isa = PBXGroup;
			children = (
				6D9B027C22BFF49A0045F56B /* DataProviderManager.swift */,
				6D9B028D22C0150D0045F56B /* MyHeroesDataProvider.swift */,
			);
			path = DataProviders;
			sourceTree = "<group>";
		};
		6D9B028022BFF5B30045F56B /* Helpers */ = {
			isa = PBXGroup;
			children = (
				6D9B028122BFF5C00045F56B /* ErrorAlert.swift */,
			);
			path = Helpers;
			sourceTree = "<group>";
		};
		8956BBFA5E90F083F23FBEE4 /* Frameworks */ = {
			isa = PBXGroup;
			children = (
				77226926EAE31235589082AC /* Pods_doghero_test.framework */,
				5B2CC4193B56AFED850D25DF /* Pods_doghero_testTests.framework */,
			);
			name = Frameworks;
			sourceTree = "<group>";
		};
		A259F17D201CF66900B5164F = {
			isa = PBXGroup;
			children = (
				A259F188201CF66900B5164F /* doghero-test */,
				6D2C130922C1AA330092C6EF /* doghero-testTests */,
				6D2C131722C1AA580092C6EF /* doghero-testUITests */,
				A259F187201CF66900B5164F /* Products */,
				F1B103038DE153D7A0586320 /* Pods */,
				8956BBFA5E90F083F23FBEE4 /* Frameworks */,
			);
			sourceTree = "<group>";
		};
		A259F187201CF66900B5164F /* Products */ = {
			isa = PBXGroup;
			children = (
				A259F186201CF66900B5164F /* doghero-test.app */,
				6D2C130822C1AA330092C6EF /* doghero-testTests.xctest */,
				6D2C131622C1AA580092C6EF /* doghero-testUITests.xctest */,
			);
			name = Products;
			sourceTree = "<group>";
		};
		A259F188201CF66900B5164F /* doghero-test */ = {
			isa = PBXGroup;
			children = (
				6D9B027522BFF35D0045F56B /* Protocols */,
				6D9B027B22BFF4890045F56B /* DataProviders */,
				A259F19B201CF69100B5164F /* Extensions */,
				6D9B028022BFF5B30045F56B /* Helpers */,
				6D9B027322BFF3090045F56B /* Models */,
				6D9B027122BFF2CC0045F56B /* Views */,
				6D9B027222BFF2E60045F56B /* ViewsModels */,
				6D9B026822BFE7050045F56B /* Resources */,
				6D9B027A22BFF43F0045F56B /* SupportingFiles */,
				A259F189201CF66900B5164F /* AppDelegate.swift */,
			);
			path = "doghero-test";
			sourceTree = "<group>";
		};
		A259F19B201CF69100B5164F /* Extensions */ = {
			isa = PBXGroup;
			children = (
				A259F19C201CF69F00B5164F /* UIImage.swift */,
				6D9B026222BFAF670045F56B /* UIButton.swift */,
				6D9B027E22BFF5950045F56B /* ErrorHandleableProtocol+UIViewController.swift */,
				6D9B029322C016EB0045F56B /* MyHeroesViewController+HeroesDataProvider.swift */,
				6D9B029522C018340045F56B /* MyHeroesViewController+UICollectionViewDataSource.swift */,
				6D4DFC4122C070A900B0BE61 /* MyHeroesViewController+ UICollectionViewDelegateFlowLayout.swift */,
			);
			path = Extensions;
			sourceTree = "<group>";
		};
		A259F19E201CF6D000B5164F /* ApiAnswer */ = {
			isa = PBXGroup;
			children = (
				A259F19F201CF6EA00B5164F /* MyHeroes.swift */,
				A259F1A1201CF76400B5164F /* JSONParser.swift */,
			);
			path = ApiAnswer;
			sourceTree = "<group>";
		};
		F1B103038DE153D7A0586320 /* Pods */ = {
			isa = PBXGroup;
			children = (
				8ABBE6068CA2E328D8A1E571 /* Pods-doghero-test.debug.xcconfig */,
				6DBFF4AAA4684BE903285BBB /* Pods-doghero-test.release.xcconfig */,
				12CE09F02C8AF6DECD0F4585 /* Pods-doghero-testTests.debug.xcconfig */,
				DD8825D34DDD4AAC45B60A07 /* Pods-doghero-testTests.release.xcconfig */,
			);
			path = Pods;
			sourceTree = "<group>";
		};
/* End PBXGroup section */

/* Begin PBXNativeTarget section */
		6D2C130722C1AA330092C6EF /* doghero-testTests */ = {
			isa = PBXNativeTarget;
			buildConfigurationList = 6D2C131122C1AA340092C6EF /* Build configuration list for PBXNativeTarget "doghero-testTests" */;
			buildPhases = (
				255ABD923D6CCB69A06052FF /* [CP] Check Pods Manifest.lock */,
				6D2C130422C1AA330092C6EF /* Sources */,
				6D2C130522C1AA330092C6EF /* Frameworks */,
				6D2C130622C1AA330092C6EF /* Resources */,
				E1131C4C0F5A04D5A45FF5A1 /* [CP] Embed Pods Frameworks */,
			);
			buildRules = (
			);
			dependencies = (
				6D2C130E22C1AA330092C6EF /* PBXTargetDependency */,
			);
			name = "doghero-testTests";
			productName = "doghero-testTests";
			productReference = 6D2C130822C1AA330092C6EF /* doghero-testTests.xctest */;
			productType = "com.apple.product-type.bundle.unit-test";
		};
		6D2C131522C1AA580092C6EF /* doghero-testUITests */ = {
			isa = PBXNativeTarget;
			buildConfigurationList = 6D2C131D22C1AA580092C6EF /* Build configuration list for PBXNativeTarget "doghero-testUITests" */;
			buildPhases = (
				6D2C131222C1AA580092C6EF /* Sources */,
				6D2C131322C1AA580092C6EF /* Frameworks */,
				6D2C131422C1AA580092C6EF /* Resources */,
			);
			buildRules = (
			);
			dependencies = (
				6D2C131C22C1AA580092C6EF /* PBXTargetDependency */,
			);
			name = "doghero-testUITests";
			productName = "doghero-testUITests";
			productReference = 6D2C131622C1AA580092C6EF /* doghero-testUITests.xctest */;
			productType = "com.apple.product-type.bundle.ui-testing";
		};
		A259F185201CF66900B5164F /* doghero-test */ = {
			isa = PBXNativeTarget;
			buildConfigurationList = A259F198201CF66900B5164F /* Build configuration list for PBXNativeTarget "doghero-test" */;
			buildPhases = (
				6EBCBEAC37FEE48461DA7713 /* [CP] Check Pods Manifest.lock */,
				A259F182201CF66900B5164F /* Sources */,
				A259F183201CF66900B5164F /* Frameworks */,
				A259F184201CF66900B5164F /* Resources */,
				75A470285612999799E03261 /* [CP] Embed Pods Frameworks */,
			);
			buildRules = (
			);
			dependencies = (
			);
			name = "doghero-test";
			productName = "doghero-test";
			productReference = A259F186201CF66900B5164F /* doghero-test.app */;
			productType = "com.apple.product-type.application";
		};
/* End PBXNativeTarget section */

/* Begin PBXProject section */
		A259F17E201CF66900B5164F /* Project object */ = {
			isa = PBXProject;
			attributes = {
				LastSwiftUpdateCheck = 1020;
				LastUpgradeCheck = 1020;
				ORGANIZATIONNAME = doghero;
				TargetAttributes = {
					6D2C130722C1AA330092C6EF = {
						CreatedOnToolsVersion = 10.2;
						ProvisioningStyle = Automatic;
						TestTargetID = A259F185201CF66900B5164F;
					};
					6D2C131522C1AA580092C6EF = {
						CreatedOnToolsVersion = 10.2;
						ProvisioningStyle = Automatic;
						TestTargetID = A259F185201CF66900B5164F;
					};
					A259F185201CF66900B5164F = {
						CreatedOnToolsVersion = 9.2;
						LastSwiftMigration = 1020;
						ProvisioningStyle = Automatic;
					};
				};
			};
			buildConfigurationList = A259F181201CF66900B5164F /* Build configuration list for PBXProject "doghero-test" */;
			compatibilityVersion = "Xcode 8.0";
			developmentRegion = en;
			hasScannedForEncodings = 0;
			knownRegions = (
				en,
				Base,
			);
			mainGroup = A259F17D201CF66900B5164F;
			productRefGroup = A259F187201CF66900B5164F /* Products */;
			projectDirPath = "";
			projectRoot = "";
			targets = (
				A259F185201CF66900B5164F /* doghero-test */,
				6D2C130722C1AA330092C6EF /* doghero-testTests */,
				6D2C131522C1AA580092C6EF /* doghero-testUITests */,
			);
		};
/* End PBXProject section */

/* Begin PBXResourcesBuildPhase section */
		6D2C130622C1AA330092C6EF /* Resources */ = {
			isa = PBXResourcesBuildPhase;
			buildActionMask = 2147483647;
			files = (
			);
			runOnlyForDeploymentPostprocessing = 0;
		};
		6D2C131422C1AA580092C6EF /* Resources */ = {
			isa = PBXResourcesBuildPhase;
			buildActionMask = 2147483647;
			files = (
			);
			runOnlyForDeploymentPostprocessing = 0;
		};
		A259F184201CF66900B5164F /* Resources */ = {
			isa = PBXResourcesBuildPhase;
			buildActionMask = 2147483647;
			files = (
				A259F194201CF66900B5164F /* LaunchScreen.storyboard in Resources */,
				6D9B026722BFCAF80045F56B /* RecentHeroCollectionViewCell.xib in Resources */,
				A259F191201CF66900B5164F /* Assets.xcassets in Resources */,
				6D9B026522BFBEF80045F56B /* FavoriteHeroCollectionViewCell.xib in Resources */,
				A259F18F201CF66900B5164F /* Main.storyboard in Resources */,
			);
			runOnlyForDeploymentPostprocessing = 0;
		};
/* End PBXResourcesBuildPhase section */

/* Begin PBXShellScriptBuildPhase section */
		255ABD923D6CCB69A06052FF /* [CP] Check Pods Manifest.lock */ = {
			isa = PBXShellScriptBuildPhase;
			buildActionMask = 2147483647;
			files = (
			);
			inputFileListPaths = (
			);
			inputPaths = (
				"${PODS_PODFILE_DIR_PATH}/Podfile.lock",
				"${PODS_ROOT}/Manifest.lock",
			);
			name = "[CP] Check Pods Manifest.lock";
			outputFileListPaths = (
			);
			outputPaths = (
				"$(DERIVED_FILE_DIR)/Pods-doghero-testTests-checkManifestLockResult.txt",
			);
			runOnlyForDeploymentPostprocessing = 0;
			shellPath = /bin/sh;
			shellScript = "diff \"${PODS_PODFILE_DIR_PATH}/Podfile.lock\" \"${PODS_ROOT}/Manifest.lock\" > /dev/null\nif [ $? != 0 ] ; then\n    # print error to STDERR\n    echo \"error: The sandbox is not in sync with the Podfile.lock. Run 'pod install' or update your CocoaPods installation.\" >&2\n    exit 1\nfi\n# This output is used by Xcode 'outputs' to avoid re-running this script phase.\necho \"SUCCESS\" > \"${SCRIPT_OUTPUT_FILE_0}\"\n";
			showEnvVarsInLog = 0;
		};
		6EBCBEAC37FEE48461DA7713 /* [CP] Check Pods Manifest.lock */ = {
			isa = PBXShellScriptBuildPhase;
			buildActionMask = 2147483647;
			files = (
			);
			inputFileListPaths = (
			);
			inputPaths = (
				"${PODS_PODFILE_DIR_PATH}/Podfile.lock",
				"${PODS_ROOT}/Manifest.lock",
			);
			name = "[CP] Check Pods Manifest.lock";
			outputFileListPaths = (
			);
			outputPaths = (
				"$(DERIVED_FILE_DIR)/Pods-doghero-test-checkManifestLockResult.txt",
			);
			runOnlyForDeploymentPostprocessing = 0;
			shellPath = /bin/sh;
			shellScript = "diff \"${PODS_PODFILE_DIR_PATH}/Podfile.lock\" \"${PODS_ROOT}/Manifest.lock\" > /dev/null\nif [ $? != 0 ] ; then\n    # print error to STDERR\n    echo \"error: The sandbox is not in sync with the Podfile.lock. Run 'pod install' or update your CocoaPods installation.\" >&2\n    exit 1\nfi\n# This output is used by Xcode 'outputs' to avoid re-running this script phase.\necho \"SUCCESS\" > \"${SCRIPT_OUTPUT_FILE_0}\"\n";
			showEnvVarsInLog = 0;
		};
		75A470285612999799E03261 /* [CP] Embed Pods Frameworks */ = {
			isa = PBXShellScriptBuildPhase;
			buildActionMask = 2147483647;
			files = (
			);
			inputFileListPaths = (
			);
			inputPaths = (
				"${PODS_ROOT}/Target Support Files/Pods-doghero-test/Pods-doghero-test-frameworks.sh",
				"${BUILT_PRODUCTS_DIR}/DictionaryCoding/DictionaryCoding.framework",
			);
			name = "[CP] Embed Pods Frameworks";
			outputFileListPaths = (
			);
			outputPaths = (
				"${TARGET_BUILD_DIR}/${FRAMEWORKS_FOLDER_PATH}/DictionaryCoding.framework",
			);
			runOnlyForDeploymentPostprocessing = 0;
			shellPath = /bin/sh;
			shellScript = "\"${PODS_ROOT}/Target Support Files/Pods-doghero-test/Pods-doghero-test-frameworks.sh\"\n";
			showEnvVarsInLog = 0;
		};
		E1131C4C0F5A04D5A45FF5A1 /* [CP] Embed Pods Frameworks */ = {
			isa = PBXShellScriptBuildPhase;
			buildActionMask = 2147483647;
			files = (
			);
			inputFileListPaths = (
			);
			inputPaths = (
				"${PODS_ROOT}/Target Support Files/Pods-doghero-testTests/Pods-doghero-testTests-frameworks.sh",
				"${BUILT_PRODUCTS_DIR}/DictionaryCoding/DictionaryCoding.framework",
			);
			name = "[CP] Embed Pods Frameworks";
			outputFileListPaths = (
			);
			outputPaths = (
				"${TARGET_BUILD_DIR}/${FRAMEWORKS_FOLDER_PATH}/DictionaryCoding.framework",
			);
			runOnlyForDeploymentPostprocessing = 0;
			shellPath = /bin/sh;
			shellScript = "\"${PODS_ROOT}/Target Support Files/Pods-doghero-testTests/Pods-doghero-testTests-frameworks.sh\"\n";
			showEnvVarsInLog = 0;
		};
/* End PBXShellScriptBuildPhase section */

/* Begin PBXSourcesBuildPhase section */
		6D2C130422C1AA330092C6EF /* Sources */ = {
			isa = PBXSourcesBuildPhase;
			buildActionMask = 2147483647;
			files = (
				6D2C132922C1D00A0092C6EF /* HeroViewModelTests.swift in Sources */,
				6D2C130B22C1AA330092C6EF /* MyHeroesViewModelTests.swift in Sources */,
			);
			runOnlyForDeploymentPostprocessing = 0;
		};
		6D2C131222C1AA580092C6EF /* Sources */ = {
			isa = PBXSourcesBuildPhase;
			buildActionMask = 2147483647;
			files = (
				6D2C132322C1B9990092C6EF /* HeroCollectionViewCellUITests.swift in Sources */,
				6D2C132122C1B54B0092C6EF /* MyHeroesViewControllerUITests.swift in Sources */,
				6D2C131922C1AA580092C6EF /* DogHeroTestUITests.swift in Sources */,
			);
			runOnlyForDeploymentPostprocessing = 0;
		};
		A259F182201CF66900B5164F /* Sources */ = {
			isa = PBXSourcesBuildPhase;
			buildActionMask = 2147483647;
			files = (
				6D9B027F22BFF5950045F56B /* ErrorHandleableProtocol+UIViewController.swift in Sources */,
				6D4DFC4222C070A900B0BE61 /* MyHeroesViewController+ UICollectionViewDelegateFlowLayout.swift in Sources */,
				A259F19D201CF69F00B5164F /* UIImage.swift in Sources */,
				6D9B029422C016EB0045F56B /* MyHeroesViewController+HeroesDataProvider.swift in Sources */,
				6D9B029822C01BEC0045F56B /* HeroViewModel.swift in Sources */,
				A259F1A2201CF76400B5164F /* JSONParser.swift in Sources */,
				6D9B028222BFF5C00045F56B /* ErrorAlert.swift in Sources */,
				6D9B029222C015A50045F56B /* MyHeroesDataProviderProtocol.swift in Sources */,
				6D9B029622C018340045F56B /* MyHeroesViewController+UICollectionViewDataSource.swift in Sources */,
				6D9B028822C0010D0045F56B /* User.swift in Sources */,
				A259F1A0201CF6EA00B5164F /* MyHeroes.swift in Sources */,
				6D9B028422BFF5EE0045F56B /* BaseViewController.swift in Sources */,
				6D9B027D22BFF49A0045F56B /* DataProviderManager.swift in Sources */,
				6D4DFC4022C06BB200B0BE61 /* MyHeroesHeaderCollectionReusableView.swift in Sources */,
				A259F18C201CF66900B5164F /* MyHeroesViewController.swift in Sources */,
				6D9B027022BFEC260045F56B /* FavoriteHeroCollectionViewCell.swift in Sources */,
				6D9B028E22C0150D0045F56B /* MyHeroesDataProvider.swift in Sources */,
				A259F18A201CF66900B5164F /* AppDelegate.swift in Sources */,
				6D9B026E22BFEC010045F56B /* RecentHeroCollectionViewCell.swift in Sources */,
				6D9B029022C015260045F56B /* MyHeroesViewModel.swift in Sources */,
				6D9B027722BFF36F0045F56B /* ErrorHandleableProtocol.swift in Sources */,
				6D9B028C22C011FA0045F56B /* Heroes.swift in Sources */,
				6D9B027922BFF38C0045F56B /* GenericDataProviderProtocol.swift in Sources */,
				6D9B028622BFFE920045F56B /* Hero.swift in Sources */,
				6D9B026322BFAF670045F56B /* UIButton.swift in Sources */,
			);
			runOnlyForDeploymentPostprocessing = 0;
		};
/* End PBXSourcesBuildPhase section */

/* Begin PBXTargetDependency section */
		6D2C130E22C1AA330092C6EF /* PBXTargetDependency */ = {
			isa = PBXTargetDependency;
			target = A259F185201CF66900B5164F /* doghero-test */;
			targetProxy = 6D2C130D22C1AA330092C6EF /* PBXContainerItemProxy */;
		};
		6D2C131C22C1AA580092C6EF /* PBXTargetDependency */ = {
			isa = PBXTargetDependency;
			target = A259F185201CF66900B5164F /* doghero-test */;
			targetProxy = 6D2C131B22C1AA580092C6EF /* PBXContainerItemProxy */;
		};
/* End PBXTargetDependency section */

/* Begin PBXVariantGroup section */
		A259F18D201CF66900B5164F /* Main.storyboard */ = {
			isa = PBXVariantGroup;
			children = (
				A259F18E201CF66900B5164F /* Base */,
			);
			name = Main.storyboard;
			sourceTree = "<group>";
		};
		A259F192201CF66900B5164F /* LaunchScreen.storyboard */ = {
			isa = PBXVariantGroup;
			children = (
				A259F193201CF66900B5164F /* Base */,
			);
			name = LaunchScreen.storyboard;
			sourceTree = "<group>";
		};
/* End PBXVariantGroup section */

/* Begin XCBuildConfiguration section */
		6D2C130F22C1AA330092C6EF /* Debug */ = {
			isa = XCBuildConfiguration;
			baseConfigurationReference = 12CE09F02C8AF6DECD0F4585 /* Pods-doghero-testTests.debug.xcconfig */;
			buildSettings = {
				BUNDLE_LOADER = "$(TEST_HOST)";
				CLANG_ENABLE_OBJC_WEAK = YES;
				CODE_SIGN_STYLE = Automatic;
				DEVELOPMENT_TEAM = SC9STAPP9T;
				INFOPLIST_FILE = "doghero-testTests/Info.plist";
				IPHONEOS_DEPLOYMENT_TARGET = 12.2;
				LD_RUNPATH_SEARCH_PATHS = "$(inherited) @executable_path/Frameworks @loader_path/Frameworks";
				MTL_ENABLE_DEBUG_INFO = INCLUDE_SOURCE;
				MTL_FAST_MATH = YES;
				PRODUCT_BUNDLE_IDENTIFIER = "br.com.doghero.doghero-test.doghero-testTests";
				PRODUCT_NAME = "$(TARGET_NAME)";
				SWIFT_VERSION = 5.0;
				TARGETED_DEVICE_FAMILY = "1,2";
				TEST_HOST = "$(BUILT_PRODUCTS_DIR)/doghero-test.app/doghero-test";
			};
			name = Debug;
		};
		6D2C131022C1AA330092C6EF /* Release */ = {
			isa = XCBuildConfiguration;
			baseConfigurationReference = DD8825D34DDD4AAC45B60A07 /* Pods-doghero-testTests.release.xcconfig */;
			buildSettings = {
				BUNDLE_LOADER = "$(TEST_HOST)";
				CLANG_ENABLE_OBJC_WEAK = YES;
				CODE_SIGN_STYLE = Automatic;
				DEVELOPMENT_TEAM = SC9STAPP9T;
				INFOPLIST_FILE = "doghero-testTests/Info.plist";
				IPHONEOS_DEPLOYMENT_TARGET = 12.2;
				LD_RUNPATH_SEARCH_PATHS = "$(inherited) @executable_path/Frameworks @loader_path/Frameworks";
				MTL_FAST_MATH = YES;
				PRODUCT_BUNDLE_IDENTIFIER = "br.com.doghero.doghero-test.doghero-testTests";
				PRODUCT_NAME = "$(TARGET_NAME)";
				SWIFT_VERSION = 5.0;
				TARGETED_DEVICE_FAMILY = "1,2";
				TEST_HOST = "$(BUILT_PRODUCTS_DIR)/doghero-test.app/doghero-test";
			};
			name = Release;
		};
		6D2C131E22C1AA580092C6EF /* Debug */ = {
			isa = XCBuildConfiguration;
			buildSettings = {
				CLANG_ENABLE_OBJC_WEAK = YES;
				CODE_SIGN_STYLE = Automatic;
				DEVELOPMENT_TEAM = SC9STAPP9T;
				INFOPLIST_FILE = "doghero-testUITests/Info.plist";
				IPHONEOS_DEPLOYMENT_TARGET = 12.2;
				LD_RUNPATH_SEARCH_PATHS = "$(inherited) @executable_path/Frameworks @loader_path/Frameworks";
				MTL_ENABLE_DEBUG_INFO = INCLUDE_SOURCE;
				MTL_FAST_MATH = YES;
				PRODUCT_BUNDLE_IDENTIFIER = "br.com.doghero.doghero-test.doghero-testUITests";
				PRODUCT_NAME = "$(TARGET_NAME)";
				SWIFT_VERSION = 5.0;
				TARGETED_DEVICE_FAMILY = "1,2";
				TEST_TARGET_NAME = "doghero-test";
			};
			name = Debug;
		};
		6D2C131F22C1AA580092C6EF /* Release */ = {
			isa = XCBuildConfiguration;
			buildSettings = {
				CLANG_ENABLE_OBJC_WEAK = YES;
				CODE_SIGN_STYLE = Automatic;
				DEVELOPMENT_TEAM = SC9STAPP9T;
				INFOPLIST_FILE = "doghero-testUITests/Info.plist";
				IPHONEOS_DEPLOYMENT_TARGET = 12.2;
				LD_RUNPATH_SEARCH_PATHS = "$(inherited) @executable_path/Frameworks @loader_path/Frameworks";
				MTL_FAST_MATH = YES;
				PRODUCT_BUNDLE_IDENTIFIER = "br.com.doghero.doghero-test.doghero-testUITests";
				PRODUCT_NAME = "$(TARGET_NAME)";
				SWIFT_VERSION = 5.0;
				TARGETED_DEVICE_FAMILY = "1,2";
				TEST_TARGET_NAME = "doghero-test";
			};
			name = Release;
		};
		A259F196201CF66900B5164F /* Debug */ = {
			isa = XCBuildConfiguration;
			buildSettings = {
				ALWAYS_SEARCH_USER_PATHS = NO;
				CLANG_ANALYZER_NONNULL = YES;
				CLANG_ANALYZER_NUMBER_OBJECT_CONVERSION = YES_AGGRESSIVE;
				CLANG_CXX_LANGUAGE_STANDARD = "gnu++14";
				CLANG_CXX_LIBRARY = "libc++";
				CLANG_ENABLE_MODULES = YES;
				CLANG_ENABLE_OBJC_ARC = YES;
				CLANG_WARN_BLOCK_CAPTURE_AUTORELEASING = YES;
				CLANG_WARN_BOOL_CONVERSION = YES;
				CLANG_WARN_COMMA = YES;
				CLANG_WARN_CONSTANT_CONVERSION = YES;
				CLANG_WARN_DEPRECATED_OBJC_IMPLEMENTATIONS = YES;
				CLANG_WARN_DIRECT_OBJC_ISA_USAGE = YES_ERROR;
				CLANG_WARN_DOCUMENTATION_COMMENTS = YES;
				CLANG_WARN_EMPTY_BODY = YES;
				CLANG_WARN_ENUM_CONVERSION = YES;
				CLANG_WARN_INFINITE_RECURSION = YES;
				CLANG_WARN_INT_CONVERSION = YES;
				CLANG_WARN_NON_LITERAL_NULL_CONVERSION = YES;
				CLANG_WARN_OBJC_IMPLICIT_RETAIN_SELF = YES;
				CLANG_WARN_OBJC_LITERAL_CONVERSION = YES;
				CLANG_WARN_OBJC_ROOT_CLASS = YES_ERROR;
				CLANG_WARN_RANGE_LOOP_ANALYSIS = YES;
				CLANG_WARN_STRICT_PROTOTYPES = YES;
				CLANG_WARN_SUSPICIOUS_MOVE = YES;
				CLANG_WARN_UNGUARDED_AVAILABILITY = YES_AGGRESSIVE;
				CLANG_WARN_UNREACHABLE_CODE = YES;
				CLANG_WARN__DUPLICATE_METHOD_MATCH = YES;
				CODE_SIGN_IDENTITY = "iPhone Developer";
				COPY_PHASE_STRIP = NO;
				DEBUG_INFORMATION_FORMAT = dwarf;
				ENABLE_STRICT_OBJC_MSGSEND = YES;
				ENABLE_TESTABILITY = YES;
				GCC_C_LANGUAGE_STANDARD = gnu11;
				GCC_DYNAMIC_NO_PIC = NO;
				GCC_NO_COMMON_BLOCKS = YES;
				GCC_OPTIMIZATION_LEVEL = 0;
				GCC_PREPROCESSOR_DEFINITIONS = (
					"DEBUG=1",
					"$(inherited)",
				);
				GCC_WARN_64_TO_32_BIT_CONVERSION = YES;
				GCC_WARN_ABOUT_RETURN_TYPE = YES_ERROR;
				GCC_WARN_UNDECLARED_SELECTOR = YES;
				GCC_WARN_UNINITIALIZED_AUTOS = YES_AGGRESSIVE;
				GCC_WARN_UNUSED_FUNCTION = YES;
				GCC_WARN_UNUSED_VARIABLE = YES;
				IPHONEOS_DEPLOYMENT_TARGET = 11.2;
				MTL_ENABLE_DEBUG_INFO = YES;
				ONLY_ACTIVE_ARCH = YES;
				SDKROOT = iphoneos;
				SWIFT_ACTIVE_COMPILATION_CONDITIONS = DEBUG;
				SWIFT_OPTIMIZATION_LEVEL = "-Onone";
			};
			name = Debug;
		};
		A259F197201CF66900B5164F /* Release */ = {
			isa = XCBuildConfiguration;
			buildSettings = {
				ALWAYS_SEARCH_USER_PATHS = NO;
				CLANG_ANALYZER_NONNULL = YES;
				CLANG_ANALYZER_NUMBER_OBJECT_CONVERSION = YES_AGGRESSIVE;
				CLANG_CXX_LANGUAGE_STANDARD = "gnu++14";
				CLANG_CXX_LIBRARY = "libc++";
				CLANG_ENABLE_MODULES = YES;
				CLANG_ENABLE_OBJC_ARC = YES;
				CLANG_WARN_BLOCK_CAPTURE_AUTORELEASING = YES;
				CLANG_WARN_BOOL_CONVERSION = YES;
				CLANG_WARN_COMMA = YES;
				CLANG_WARN_CONSTANT_CONVERSION = YES;
				CLANG_WARN_DEPRECATED_OBJC_IMPLEMENTATIONS = YES;
				CLANG_WARN_DIRECT_OBJC_ISA_USAGE = YES_ERROR;
				CLANG_WARN_DOCUMENTATION_COMMENTS = YES;
				CLANG_WARN_EMPTY_BODY = YES;
				CLANG_WARN_ENUM_CONVERSION = YES;
				CLANG_WARN_INFINITE_RECURSION = YES;
				CLANG_WARN_INT_CONVERSION = YES;
				CLANG_WARN_NON_LITERAL_NULL_CONVERSION = YES;
				CLANG_WARN_OBJC_IMPLICIT_RETAIN_SELF = YES;
				CLANG_WARN_OBJC_LITERAL_CONVERSION = YES;
				CLANG_WARN_OBJC_ROOT_CLASS = YES_ERROR;
				CLANG_WARN_RANGE_LOOP_ANALYSIS = YES;
				CLANG_WARN_STRICT_PROTOTYPES = YES;
				CLANG_WARN_SUSPICIOUS_MOVE = YES;
				CLANG_WARN_UNGUARDED_AVAILABILITY = YES_AGGRESSIVE;
				CLANG_WARN_UNREACHABLE_CODE = YES;
				CLANG_WARN__DUPLICATE_METHOD_MATCH = YES;
				CODE_SIGN_IDENTITY = "iPhone Developer";
				COPY_PHASE_STRIP = NO;
				DEBUG_INFORMATION_FORMAT = "dwarf-with-dsym";
				ENABLE_NS_ASSERTIONS = NO;
				ENABLE_STRICT_OBJC_MSGSEND = YES;
				GCC_C_LANGUAGE_STANDARD = gnu11;
				GCC_NO_COMMON_BLOCKS = YES;
				GCC_WARN_64_TO_32_BIT_CONVERSION = YES;
				GCC_WARN_ABOUT_RETURN_TYPE = YES_ERROR;
				GCC_WARN_UNDECLARED_SELECTOR = YES;
				GCC_WARN_UNINITIALIZED_AUTOS = YES_AGGRESSIVE;
				GCC_WARN_UNUSED_FUNCTION = YES;
				GCC_WARN_UNUSED_VARIABLE = YES;
				IPHONEOS_DEPLOYMENT_TARGET = 11.2;
				MTL_ENABLE_DEBUG_INFO = NO;
				SDKROOT = iphoneos;
				SWIFT_OPTIMIZATION_LEVEL = "-Owholemodule";
				VALIDATE_PRODUCT = YES;
			};
			name = Release;
		};
		A259F199201CF66900B5164F /* Debug */ = {
			isa = XCBuildConfiguration;
			baseConfigurationReference = 8ABBE6068CA2E328D8A1E571 /* Pods-doghero-test.debug.xcconfig */;
			buildSettings = {
				ASSETCATALOG_COMPILER_APPICON_NAME = AppIcon;
				CODE_SIGN_STYLE = Automatic;
				DEVELOPMENT_TEAM = SC9STAPP9T;
				INFOPLIST_FILE = "$(SRCROOT)/doghero-test/SupportingFiles/Info.plist";
				LD_RUNPATH_SEARCH_PATHS = "$(inherited) @executable_path/Frameworks";
				PRODUCT_BUNDLE_IDENTIFIER = "br.com.doghero.doghero-test";
				PRODUCT_NAME = "$(TARGET_NAME)";
				SWIFT_VERSION = 5.0;
				TARGETED_DEVICE_FAMILY = "1,2";
			};
			name = Debug;
		};
		A259F19A201CF66900B5164F /* Release */ = {
			isa = XCBuildConfiguration;
			baseConfigurationReference = 6DBFF4AAA4684BE903285BBB /* Pods-doghero-test.release.xcconfig */;
			buildSettings = {
				ASSETCATALOG_COMPILER_APPICON_NAME = AppIcon;
				CODE_SIGN_STYLE = Automatic;
				DEVELOPMENT_TEAM = SC9STAPP9T;
				INFOPLIST_FILE = "$(SRCROOT)/doghero-test/SupportingFiles/Info.plist";
				LD_RUNPATH_SEARCH_PATHS = "$(inherited) @executable_path/Frameworks";
				PRODUCT_BUNDLE_IDENTIFIER = "br.com.doghero.doghero-test";
				PRODUCT_NAME = "$(TARGET_NAME)";
				SWIFT_VERSION = 5.0;
				TARGETED_DEVICE_FAMILY = "1,2";
			};
			name = Release;
		};
/* End XCBuildConfiguration section */

/* Begin XCConfigurationList section */
		6D2C131122C1AA340092C6EF /* Build configuration list for PBXNativeTarget "doghero-testTests" */ = {
			isa = XCConfigurationList;
			buildConfigurations = (
				6D2C130F22C1AA330092C6EF /* Debug */,
				6D2C131022C1AA330092C6EF /* Release */,
			);
			defaultConfigurationIsVisible = 0;
			defaultConfigurationName = Release;
		};
		6D2C131D22C1AA580092C6EF /* Build configuration list for PBXNativeTarget "doghero-testUITests" */ = {
			isa = XCConfigurationList;
			buildConfigurations = (
				6D2C131E22C1AA580092C6EF /* Debug */,
				6D2C131F22C1AA580092C6EF /* Release */,
			);
			defaultConfigurationIsVisible = 0;
			defaultConfigurationName = Release;
		};
		A259F181201CF66900B5164F /* Build configuration list for PBXProject "doghero-test" */ = {
			isa = XCConfigurationList;
			buildConfigurations = (
				A259F196201CF66900B5164F /* Debug */,
				A259F197201CF66900B5164F /* Release */,
			);
			defaultConfigurationIsVisible = 0;
			defaultConfigurationName = Release;
		};
		A259F198201CF66900B5164F /* Build configuration list for PBXNativeTarget "doghero-test" */ = {
			isa = XCConfigurationList;
			buildConfigurations = (
				A259F199201CF66900B5164F /* Debug */,
				A259F19A201CF66900B5164F /* Release */,
			);
			defaultConfigurationIsVisible = 0;
			defaultConfigurationName = Release;
		};
/* End XCConfigurationList section */
	};
	rootObject = A259F17E201CF66900B5164F /* Project object */;
}
